# This file is automatically @generated by Cargo.
# It is not intended for manual editing.
version = 3

[[package]]
name = "pl011"
version = "0.1.0"
dependencies = [
 "plugins_api",
]

[[package]]
name = "plugins_api"
version = "0.1.0"

[[package]]
name = "test"
version = "0.1.0"
dependencies = [
 "plugins_api",
]
